// !$*UTF8*$!
{
	archiveVersion = 1;
	classes = {
	};
	objectVersion = 48;
	objects = {

/* Begin PBXBuildFile section */
		5B22A7C1200D810900B6F36A /* AppDelegate.swift in Sources */ = {isa = PBXBuildFile; fileRef = 5B22A7C0200D810900B6F36A /* AppDelegate.swift */; };
		5B22A7C3200D810900B6F36A /* ViewController.swift in Sources */ = {isa = PBXBuildFile; fileRef = 5B22A7C2200D810900B6F36A /* ViewController.swift */; };
		5B22A7C6200D810900B6F36A /* Main.storyboard in Resources */ = {isa = PBXBuildFile; fileRef = 5B22A7C4200D810900B6F36A /* Main.storyboard */; };
		5B22A7C8200D810900B6F36A /* Assets.xcassets in Resources */ = {isa = PBXBuildFile; fileRef = 5B22A7C7200D810900B6F36A /* Assets.xcassets */; };
		5B22A7CB200D810900B6F36A /* LaunchScreen.storyboard in Resources */ = {isa = PBXBuildFile; fileRef = 5B22A7C9200D810900B6F36A /* LaunchScreen.storyboard */; };
		5B22A7D3200D813900B6F36A /* HLLCountDownLabel.swift in Sources */ = {isa = PBXBuildFile; fileRef = 5B22A7D2200D813900B6F36A /* HLLCountDownLabel.swift */; };
/* End PBXBuildFile section */

/* Begin PBXFileReference section */
		5B22A7BD200D810900B6F36A /* HLLCountDownLabel.app */ = {isa = PBXFileReference; explicitFileType = wrapper.application; includeInIndex = 0; path = HLLCountDownLabel.app; sourceTree = BUILT_PRODUCTS_DIR; };
		5B22A7C0200D810900B6F36A /* AppDelegate.swift */ = {isa = PBXFileReference; lastKnownFileType = sourcecode.swift; path = AppDelegate.swift; sourceTree = "<group>"; };
		5B22A7C2200D810900B6F36A /* ViewController.swift */ = {isa = PBXFileReference; lastKnownFileType = sourcecode.swift; path = ViewController.swift; sourceTree = "<group>"; };
		5B22A7C5200D810900B6F36A /* Base */ = {isa = PBXFileReference; lastKnownFileType = file.storyboard; name = Base; path = Base.lproj/Main.storyboard; sourceTree = "<group>"; };
		5B22A7C7200D810900B6F36A /* Assets.xcassets */ = {isa = PBXFileReference; lastKnownFileType = folder.assetcatalog; path = Assets.xcassets; sourceTree = "<group>"; };
		5B22A7CA200D810900B6F36A /* Base */ = {isa = PBXFileReference; lastKnownFileType = file.storyboard; name = Base; path = Base.lproj/LaunchScreen.storyboard; sourceTree = "<group>"; };
		5B22A7CC200D810900B6F36A /* Info.plist */ = {isa = PBXFileReference; lastKnownFileType = text.plist.xml; path = Info.plist; sourceTree = "<group>"; };
		5B22A7D2200D813900B6F36A /* HLLCountDownLabel.swift */ = {isa = PBXFileReference; lastKnownFileType = sourcecode.swift; path = HLLCountDownLabel.swift; sourceTree = "<group>"; };
/* End PBXFileReference section */

/* Begin PBXFrameworksBuildPhase section */
		5B22A7BA200D810900B6F36A /* Frameworks */ = {
			isa = PBXFrameworksBuildPhase;
			buildActionMask = 2147483647;
			files = (
			);
			runOnlyForDeploymentPostprocessing = 0;
		};
/* End PBXFrameworksBuildPhase section */

/* Begin PBXGroup section */
		5B22A7B4200D810800B6F36A = {
			isa = PBXGroup;
			children = (
				5B22A7BF200D810900B6F36A /* HLLCountDownLabel */,
				5B22A7BE200D810900B6F36A /* Products */,
			);
			sourceTree = "<group>";
		};
		5B22A7BE200D810900B6F36A /* Products */ = {
			isa = PBXGroup;
			children = (
				5B22A7BD200D810900B6F36A /* HLLCountDownLabel.app */,
			);
			name = Products;
			sourceTree = "<group>";
		};
		5B22A7BF200D810900B6F36A /* HLLCountDownLabel */ = {
			isa = PBXGroup;
			children = (
				5B22A7C0200D810900B6F36A /* AppDelegate.swift */,
				5B22A7C2200D810900B6F36A /* ViewController.swift */,
				5B22A7D2200D813900B6F36A /* HLLCountDownLabel.swift */,
				5B22A7C4200D810900B6F36A /* Main.storyboard */,
				5B22A7C7200D810900B6F36A /* Assets.xcassets */,
				5B22A7C9200D810900B6F36A /* LaunchScreen.storyboard */,
				5B22A7CC200D810900B6F36A /* Info.plist */,
			);
			path = HLLCountDownLabel;
			sourceTree = "<group>";
		};
/* End PBXGroup section */

/* Begin PBXNativeTarget section */
		5B22A7BC200D810900B6F36A /* HLLCountDownLabel */ = {
			isa = PBXNativeTarget;
			buildConfigurationList = 5B22A7CF200D810900B6F36A /* Build configuration list for PBXNativeTarget "HLLCountDownLabel" */;
			buildPhases = (
				5B22A7B9200D810900B6F36A /* Sources */,
				5B22A7BA200D810900B6F36A /* Frameworks */,
				5B22A7BB200D810900B6F36A /* Resources */,
			);
			buildRules = (
			);
			dependencies = (
			);
			name = HLLCountDownLabel;
			productName = HLLCountDownLabel;
			productReference = 5B22A7BD200D810900B6F36A /* HLLCountDownLabel.app */;
			productType = "com.apple.product-type.application";
		};
/* End PBXNativeTarget section */

/* Begin PBXProject section */
		5B22A7B5200D810900B6F36A /* Project object */ = {
			isa = PBXProject;
			attributes = {
				LastSwiftUpdateCheck = 0910;
				LastUpgradeCheck = 0910;
				ORGANIZATIONNAME = com.heron;
				TargetAttributes = {
					5B22A7BC200D810900B6F36A = {
						CreatedOnToolsVersion = 9.1;
						ProvisioningStyle = Automatic;
					};
				};
			};
			buildConfigurationList = 5B22A7B8200D810900B6F36A /* Build configuration list for PBXProject "HLLCountDownLabel" */;
			compatibilityVersion = "Xcode 8.0";
			developmentRegion = en;
			hasScannedForEncodings = 0;
			knownRegions = (
				en,
				Base,
			);
			mainGroup = 5B22A7B4200D810800B6F36A;
			productRefGroup = 5B22A7BE200D810900B6F36A /* Products */;
			projectDirPath = "";
			projectRoot = "";
			targets = (
				5B22A7BC200D810900B6F36A /* HLLCountDownLabel */,
			);
		};
/* End PBXProject section */

/* Begin PBXResourcesBuildPhase section */
		5B22A7BB200D810900B6F36A /* Resources */ = {
			isa = PBXResourcesBuildPhase;
			buildActionMask = 2147483647;
			files = (
				5B22A7CB200D810900B6F36A /* LaunchScreen.storyboard in Resources */,
				5B22A7C8200D810900B6F36A /* Assets.xcassets in Resources */,
				5B22A7C6200D810900B6F36A /* Main.storyboard in Resources */,
			);
			runOnlyForDeploymentPostprocessing = 0;
		};
/* End PBXResourcesBuildPhase section */

/* Begin PBXSourcesBuildPhase section */
		5B22A7B9200D810900B6F36A /* Sources */ = {
			isa = PBXSourcesBuildPhase;
			buildActionMask = 2147483647;
			files = (
				5B22A7C3200D810900B6F36A /* ViewController.swift in Sources */,
				5B22A7C1200D810900B6F36A /* AppDelegate.swift in Sources */,
				5B22A7D3200D813900B6F36A /* HLLCountDownLabel.swift in Sources */,
			);
			runOnlyForDeploymentPostprocessing = 0;
		};
/* End PBXSourcesBuildPhase section */

/* Begin PBXVariantGroup section */
		5B22A7C4200D810900B6F36A /* Main.storyboard */ = {
			isa = PBXVariantGroup;
			children = (
				5B22A7C5200D810900B6F36A /* Base */,
			);
			name = Main.storyboard;
			sourceTree = "<group>";
		};
		5B22A7C9200D810900B6F36A /* LaunchScreen.storyboard */ = {
			isa = PBXVariantGroup;
			children = (
				5B22A7CA200D810900B6F36A /* Base */,
			);
			name = LaunchScreen.storyboard;
			sourceTree = "<group>";
		};
/* End PBXVariantGroup section */

/* Begin XCBuildConfiguration section */
		5B22A7CD200D810900B6F36A /* Debug */ = {
			isa = XCBuildConfiguration;
			buildSettings = {
				ALWAYS_SEARCH_USER_PATHS = NO;
				CLANG_ANALYZER_NONNULL = YES;
				CLANG_ANALYZER_NUMBER_OBJECT_CONVERSION = YES_AGGRESSIVE;
				CLANG_CXX_LANGUAGE_STANDARD = "gnu++14";
				CLANG_CXX_LIBRARY = "libc++";
				CLANG_ENABLE_MODULES = YES;
				CLANG_ENABLE_OBJC_ARC = YES;
				CLANG_WARN_BLOCK_CAPTURE_AUTORELEASING = YES;
				CLANG_WARN_BOOL_CONVERSION = YES;
				CLANG_WARN_COMMA = YES;
				CLANG_WARN_CONSTANT_CONVERSION = YES;
				CLANG_WARN_DIRECT_OBJC_ISA_USAGE = YES_ERROR;
				CLANG_WARN_DOCUMENTATION_COMMENTS = YES;
				CLANG_WARN_EMPTY_BODY = YES;
				CLANG_WARN_ENUM_CONVERSION = YES;
				CLANG_WARN_INFINITE_RECURSION = YES;
				CLANG_WARN_INT_CONVERSION = YES;
				CLANG_WARN_NON_LITERAL_NULL_CONVERSION = YES;
				CLANG_WARN_OBJC_LITERAL_CONVERSION = YES;
				CLANG_WARN_OBJC_ROOT_CLASS = YES_ERROR;
				CLANG_WARN_RANGE_LOOP_ANALYSIS = YES;
				CLANG_WARN_STRICT_PROTOTYPES = YES;
				CLANG_WARN_SUSPICIOUS_MOVE = YES;
				CLANG_WARN_UNGUARDED_AVAILABILITY = YES_AGGRESSIVE;
				CLANG_WARN_UNREACHABLE_CODE = YES;
				CLANG_WARN__DUPLICATE_METHOD_MATCH = YES;
				CODE_SIGN_IDENTITY = "iPhone Developer";
				COPY_PHASE_STRIP = NO;
				DEBUG_INFORMATION_FORMAT = dwarf;
				ENABLE_STRICT_OBJC_MSGSEND = YES;
				ENABLE_TESTABILITY = YES;
				GCC_C_LANGUAGE_STANDARD = gnu11;
				GCC_DYNAMIC_NO_PIC = NO;
				GCC_NO_COMMON_BLOCKS = YES;
				GCC_OPTIMIZATION_LEVEL = 0;
				GCC_PREPROCESSOR_DEFINITIONS = (
					"DEBUG=1",
					"$(inherited)",
				);
				GCC_WARN_64_TO_32_BIT_CONVERSION = YES;
				GCC_WARN_ABOUT_RETURN_TYPE = YES_ERROR;
				GCC_WARN_UNDECLARED_SELECTOR = YES;
				GCC_WARN_UNINITIALIZED_AUTOS = YES_AGGRESSIVE;
				GCC_WARN_UNUSED_FUNCTION = YES;
				GCC_WARN_UNUSED_VARIABLE = YES;
				IPHONEOS_DEPLOYMENT_TARGET = 11.1;
				MTL_ENABLE_DEBUG_INFO = YES;
				ONLY_ACTIVE_ARCH = YES;
				SDKROOT = iphoneos;
				SWIFT_ACTIVE_COMPILATION_CONDITIONS = DEBUG;
				SWIFT_OPTIMIZATION_LEVEL = "-Onone";
			};
			name = Debug;
		};
		5B22A7CE200D810900B6F36A /* Release */ = {
			isa = XCBuildConfiguration;
			buildSettings = {
				ALWAYS_SEARCH_USER_PATHS = NO;
				CLANG_ANALYZER_NONNULL = YES;
				CLANG_ANALYZER_NUMBER_OBJECT_CONVERSION = YES_AGGRESSIVE;
				CLANG_CXX_LANGUAGE_STANDARD = "gnu++14";
				CLANG_CXX_LIBRARY = "libc++";
				CLANG_ENABLE_MODULES = YES;
				CLANG_ENABLE_OBJC_ARC = YES;
				CLANG_WARN_BLOCK_CAPTURE_AUTORELEASING = YES;
				CLANG_WARN_BOOL_CONVERSION = YES;
				CLANG_WARN_COMMA = YES;
				CLANG_WARN_CONSTANT_CONVERSION = YES;
				CLANG_WARN_DIRECT_OBJC_ISA_USAGE = YES_ERROR;
				CLANG_WARN_DOCUMENTATION_COMMENTS = YES;
				CLANG_WARN_EMPTY_BODY = YES;
				CLANG_WARN_ENUM_CONVERSION = YES;
				CLANG_WARN_INFINITE_RECURSION = YES;
				CLANG_WARN_INT_CONVERSION = YES;
				CLANG_WARN_NON_LITERAL_NULL_CONVERSION = YES;
				CLANG_WARN_OBJC_LITERAL_CONVERSION = YES;
				CLANG_WARN_OBJC_ROOT_CLASS = YES_ERROR;
				CLANG_WARN_RANGE_LOOP_ANALYSIS = YES;
				CLANG_WARN_STRICT_PROTOTYPES = YES;
				CLANG_WARN_SUSPICIOUS_MOVE = YES;
				CLANG_WARN_UNGUARDED_AVAILABILITY = YES_AGGRESSIVE;
				CLANG_WARN_UNREACHABLE_CODE = YES;
				CLANG_WARN__DUPLICATE_METHOD_MATCH = YES;
				CODE_SIGN_IDENTITY = "iPhone Developer";
				COPY_PHASE_STRIP = NO;
				DEBUG_INFORMATION_FORMAT = "dwarf-with-dsym";
				ENABLE_NS_ASSERTIONS = NO;
				ENABLE_STRICT_OBJC_MSGSEND = YES;
				GCC_C_LANGUAGE_STANDARD = gnu11;
				GCC_NO_COMMON_BLOCKS = YES;
				GCC_WARN_64_TO_32_BIT_CONVERSION = YES;
				GCC_WARN_ABOUT_RETURN_TYPE = YES_ERROR;
				GCC_WARN_UNDECLARED_SELECTOR = YES;
				GCC_WARN_UNINITIALIZED_AUTOS = YES_AGGRESSIVE;
				GCC_WARN_UNUSED_FUNCTION = YES;
				GCC_WARN_UNUSED_VARIABLE = YES;
				IPHONEOS_DEPLOYMENT_TARGET = 11.1;
				MTL_ENABLE_DEBUG_INFO = NO;
				SDKROOT = iphoneos;
				SWIFT_OPTIMIZATION_LEVEL = "-Owholemodule";
				VALIDATE_PRODUCT = YES;
			};
			name = Release;
		};
		5B22A7D0200D810900B6F36A /* Debug */ = {
			isa = XCBuildConfiguration;
			buildSettings = {
				ASSETCATALOG_COMPILER_APPICON_NAME = AppIcon;
				ASSETCATALOG_COMPILER_LAUNCHIMAGE_NAME = LaunchImage;
				CODE_SIGN_STYLE = Automatic;
				INFOPLIST_FILE = HLLCountDownLabel/Info.plist;
				LD_RUNPATH_SEARCH_PATHS = "$(inherited) @executable_path/Frameworks";
				PRODUCT_BUNDLE_IDENTIFIER = com.heron.HLLCountDownLabel;
				PRODUCT_NAME = "$(TARGET_NAME)";
				SWIFT_VERSION = 4.0;
				TARGETED_DEVICE_FAMILY = "1,2";
			};
			name = Debug;
		};
		5B22A7D1200D810900B6F36A /* Release */ = {
			isa = XCBuildConfiguration;
			buildSettings = {
				ASSETCATALOG_COMPILER_APPICON_NAME = AppIcon;
				ASSETCATALOG_COMPILER_LAUNCHIMAGE_NAME = LaunchImage;
				CODE_SIGN_STYLE = Automatic;
				INFOPLIST_FILE = HLLCountDownLabel/Info.plist;
				LD_RUNPATH_SEARCH_PATHS = "$(inherited) @executable_path/Frameworks";
				PRODUCT_BUNDLE_IDENTIFIER = com.heron.HLLCountDownLabel;
				PRODUCT_NAME = "$(TARGET_NAME)";
				SWIFT_VERSION = 4.0;
				TARGETED_DEVICE_FAMILY = "1,2";
			};
			name = Release;
		};
/* End XCBuildConfiguration section */

/* Begin XCConfigurationList section */
		5B22A7B8200D810900B6F36A /* Build configuration list for PBXProject "HLLCountDownLabel" */ = {
			isa = XCConfigurationList;
			buildConfigurations = (
				5B22A7CD200D810900B6F36A /* Debug */,
				5B22A7CE200D810900B6F36A /* Release */,
			);
			defaultConfigurationIsVisible = 0;
			defaultConfigurationName = Release;
		};
		5B22A7CF200D810900B6F36A /* Build configuration list for PBXNativeTarget "HLLCountDownLabel" */ = {
			isa = XCConfigurationList;
			buildConfigurations = (
				5B22A7D0200D810900B6F36A /* Debug */,
				5B22A7D1200D810900B6F36A /* Release */,
			);
			defaultConfigurationIsVisible = 0;
			defaultConfigurationName = Release;
		};
/* End XCConfigurationList section */
	};
	rootObject = 5B22A7B5200D810900B6F36A /* Project object */;
}
